
Microsoft Visual Studio Solution File, Format Version 12.00
# Visual Studio Version 17
VisualStudioVersion = 17.10.34916.146
MinimumVisualStudioVersion = 10.0.40219.1
Project("{9A19103F-16F7-4668-BE54-9A1E7A4F7556}") = "TagTheSpot.Services.Spot.WebAPI", "TagTheSpot.Services.Spot.WebAPI.csproj", "{8BDEA901-8FD1-4216-9DC5-B58B25A124F9}"
EndProject
Project("{FAE04EC0-301F-11D3-BF4B-00C04F79EFBC}") = "TagTheSpot.Services.Spot.Infrastructure", "..\TagTheSpot.Services.Spot.Infrastructure\TagTheSpot.Services.Spot.Infrastructure.csproj", "{BD560748-E7D9-4A30-A2DE-4DCD61FEF7F0}"
EndProject
Project("{FAE04EC0-301F-11D3-BF4B-00C04F79EFBC}") = "TagTheSpot.Services.Spot.Domain", "..\TagTheSpot.Services.Spot.Domain\TagTheSpot.Services.Spot.Domain.csproj", "{6F9A8FCA-FAF7-4C7A-9FBA-44FF401C4487}"
EndProject
Project("{FAE04EC0-301F-11D3-BF4B-00C04F79EFBC}") = "TagTheSpot.Services.Spot.Application", "..\TagTheSpot.Services.Spot.Application\TagTheSpot.Services.Spot.Application.csproj", "{B3A9AA50-B89B-4E80-9F70-1D5A2DC44B23}"
EndProject
Global
	GlobalSection(SolutionConfigurationPlatforms) = preSolution
		Debug|Any CPU = Debug|Any CPU
		Release|Any CPU = Release|Any CPU
	EndGlobalSection
	GlobalSection(ProjectConfigurationPlatforms) = postSolution
		{8BDEA901-8FD1-4216-9DC5-B58B25A124F9}.Debug|Any CPU.ActiveCfg = Debug|Any CPU
		{8BDEA901-8FD1-4216-9DC5-B58B25A124F9}.Debug|Any CPU.Build.0 = Debug|Any CPU
		{8BDEA901-8FD1-4216-9DC5-B58B25A124F9}.Release|Any CPU.ActiveCfg = Release|Any CPU
		{8BDEA901-8FD1-4216-9DC5-B58B25A124F9}.Release|Any CPU.Build.0 = Release|Any CPU
		{BD560748-E7D9-4A30-A2DE-4DCD61FEF7F0}.Debug|Any CPU.ActiveCfg = Debug|Any CPU
		{BD560748-E7D9-4A30-A2DE-4DCD61FEF7F0}.Debug|Any CPU.Build.0 = Debug|Any CPU
		{BD560748-E7D9-4A30-A2DE-4DCD61FEF7F0}.Release|Any CPU.ActiveCfg = Release|Any CPU
		{BD560748-E7D9-4A30-A2DE-4DCD61FEF7F0}.Release|Any CPU.Build.0 = Release|Any CPU
		{6F9A8FCA-FAF7-4C7A-9FBA-44FF401C4487}.Debug|Any CPU.ActiveCfg = Debug|Any CPU
		{6F9A8FCA-FAF7-4C7A-9FBA-44FF401C4487}.Debug|Any CPU.Build.0 = Debug|Any CPU
		{6F9A8FCA-FAF7-4C7A-9FBA-44FF401C4487}.Release|Any CPU.ActiveCfg = Release|Any CPU
		{6F9A8FCA-FAF7-4C7A-9FBA-44FF401C4487}.Release|Any CPU.Build.0 = Release|Any CPU
		{B3A9AA50-B89B-4E80-9F70-1D5A2DC44B23}.Debug|Any CPU.ActiveCfg = Debug|Any CPU
		{B3A9AA50-B89B-4E80-9F70-1D5A2DC44B23}.Debug|Any CPU.Build.0 = Debug|Any CPU
		{B3A9AA50-B89B-4E80-9F70-1D5A2DC44B23}.Release|Any CPU.ActiveCfg = Release|Any CPU
		{B3A9AA50-B89B-4E80-9F70-1D5A2DC44B23}.Release|Any CPU.Build.0 = Release|Any CPU
	EndGlobalSection
	GlobalSection(SolutionProperties) = preSolution
		HideSolutionNode = FALSE
	EndGlobalSection
	GlobalSection(ExtensibilityGlobals) = postSolution
		SolutionGuid = {CEA0ABB5-FB97-4347-94F2-4DE27559DF34}
	EndGlobalSection
EndGlobal
